// !$*UTF8*$!
{
	archiveVersion = 1;
	classes = {
	};
	objectVersion = 50;
	objects = {

/* Begin PBXBuildFile section */
		300A3C07223A291700269325 /* AppDelegate.swift in Sources */ = {isa = PBXBuildFile; fileRef = 300A3C06223A291700269325 /* AppDelegate.swift */; };
		300A3C09223A291700269325 /* ViewController.swift in Sources */ = {isa = PBXBuildFile; fileRef = 300A3C08223A291700269325 /* ViewController.swift */; };
		300A3C0C223A291700269325 /* Main.storyboard in Resources */ = {isa = PBXBuildFile; fileRef = 300A3C0A223A291700269325 /* Main.storyboard */; };
		300A3C0E223A291B00269325 /* Assets.xcassets in Resources */ = {isa = PBXBuildFile; fileRef = 300A3C0D223A291B00269325 /* Assets.xcassets */; };
		300A3C11223A291B00269325 /* LaunchScreen.storyboard in Resources */ = {isa = PBXBuildFile; fileRef = 300A3C0F223A291B00269325 /* LaunchScreen.storyboard */; };
		300A3C1A223A2A2C00269325 /* ArchiveService.swift in Sources */ = {isa = PBXBuildFile; fileRef = 300A3C19223A2A2C00269325 /* ArchiveService.swift */; };
		300A3C1D223A2B6A00269325 /* Archive.swift in Sources */ = {isa = PBXBuildFile; fileRef = 300A3C1C223A2B6A00269325 /* Archive.swift */; };
		4EFACEDD965DBA280129E24B /* Pods_TestArchive.framework in Frameworks */ = {isa = PBXBuildFile; fileRef = FB62B242906B1F22B7B20943 /* Pods_TestArchive.framework */; };
/* End PBXBuildFile section */

/* Begin PBXFileReference section */
		300A3C03223A291700269325 /* TestArchive.app */ = {isa = PBXFileReference; explicitFileType = wrapper.application; includeInIndex = 0; path = TestArchive.app; sourceTree = BUILT_PRODUCTS_DIR; };
		300A3C06223A291700269325 /* AppDelegate.swift */ = {isa = PBXFileReference; lastKnownFileType = sourcecode.swift; path = AppDelegate.swift; sourceTree = "<group>"; };
		300A3C08223A291700269325 /* ViewController.swift */ = {isa = PBXFileReference; lastKnownFileType = sourcecode.swift; path = ViewController.swift; sourceTree = "<group>"; };
		300A3C0B223A291700269325 /* Base */ = {isa = PBXFileReference; lastKnownFileType = file.storyboard; name = Base; path = Base.lproj/Main.storyboard; sourceTree = "<group>"; };
		300A3C0D223A291B00269325 /* Assets.xcassets */ = {isa = PBXFileReference; lastKnownFileType = folder.assetcatalog; path = Assets.xcassets; sourceTree = "<group>"; };
		300A3C10223A291B00269325 /* Base */ = {isa = PBXFileReference; lastKnownFileType = file.storyboard; name = Base; path = Base.lproj/LaunchScreen.storyboard; sourceTree = "<group>"; };
		300A3C12223A291B00269325 /* Info.plist */ = {isa = PBXFileReference; lastKnownFileType = text.plist.xml; path = Info.plist; sourceTree = "<group>"; };
		300A3C19223A2A2C00269325 /* ArchiveService.swift */ = {isa = PBXFileReference; lastKnownFileType = sourcecode.swift; path = ArchiveService.swift; sourceTree = "<group>"; };
		300A3C1C223A2B6A00269325 /* Archive.swift */ = {isa = PBXFileReference; lastKnownFileType = sourcecode.swift; path = Archive.swift; sourceTree = "<group>"; };
		93AA306DF01EDF2AA1CDFBDC /* Pods-TestArchive.debug.xcconfig */ = {isa = PBXFileReference; includeInIndex = 1; lastKnownFileType = text.xcconfig; name = "Pods-TestArchive.debug.xcconfig"; path = "Pods/Target Support Files/Pods-TestArchive/Pods-TestArchive.debug.xcconfig"; sourceTree = "<group>"; };
		F8E0BECF3D75FEEFAAF50BB7 /* Pods-TestArchive.release.xcconfig */ = {isa = PBXFileReference; includeInIndex = 1; lastKnownFileType = text.xcconfig; name = "Pods-TestArchive.release.xcconfig"; path = "Pods/Target Support Files/Pods-TestArchive/Pods-TestArchive.release.xcconfig"; sourceTree = "<group>"; };
		FB62B242906B1F22B7B20943 /* Pods_TestArchive.framework */ = {isa = PBXFileReference; explicitFileType = wrapper.framework; includeInIndex = 0; path = Pods_TestArchive.framework; sourceTree = BUILT_PRODUCTS_DIR; };
/* End PBXFileReference section */

/* Begin PBXFrameworksBuildPhase section */
		300A3C00223A291700269325 /* Frameworks */ = {
			isa = PBXFrameworksBuildPhase;
			buildActionMask = 2147483647;
			files = (
				4EFACEDD965DBA280129E24B /* Pods_TestArchive.framework in Frameworks */,
			);
			runOnlyForDeploymentPostprocessing = 0;
		};
/* End PBXFrameworksBuildPhase section */

/* Begin PBXGroup section */
		11490AD1DFBE754CEFB75ED3 /* Frameworks */ = {
			isa = PBXGroup;
			children = (
				FB62B242906B1F22B7B20943 /* Pods_TestArchive.framework */,
			);
			name = Frameworks;
			sourceTree = "<group>";
		};
		2E59CB2FC2FCB45120626D65 /* Pods */ = {
			isa = PBXGroup;
			children = (
				93AA306DF01EDF2AA1CDFBDC /* Pods-TestArchive.debug.xcconfig */,
				F8E0BECF3D75FEEFAAF50BB7 /* Pods-TestArchive.release.xcconfig */,
			);
			name = Pods;
			sourceTree = "<group>";
		};
		300A3BFA223A291700269325 = {
			isa = PBXGroup;
			children = (
				300A3C05223A291700269325 /* TestArchive */,
				300A3C04223A291700269325 /* Products */,
				2E59CB2FC2FCB45120626D65 /* Pods */,
				11490AD1DFBE754CEFB75ED3 /* Frameworks */,
			);
			sourceTree = "<group>";
		};
		300A3C04223A291700269325 /* Products */ = {
			isa = PBXGroup;
			children = (
				300A3C03223A291700269325 /* TestArchive.app */,
			);
			name = Products;
			sourceTree = "<group>";
		};
		300A3C05223A291700269325 /* TestArchive */ = {
			isa = PBXGroup;
			children = (
				300A3C1B223A2B6000269325 /* Models */,
				300A3C18223A2A1C00269325 /* Services */,
				300A3C06223A291700269325 /* AppDelegate.swift */,
				300A3C08223A291700269325 /* ViewController.swift */,
				300A3C0A223A291700269325 /* Main.storyboard */,
				300A3C0D223A291B00269325 /* Assets.xcassets */,
				300A3C0F223A291B00269325 /* LaunchScreen.storyboard */,
				300A3C12223A291B00269325 /* Info.plist */,
			);
			path = TestArchive;
			sourceTree = "<group>";
		};
		300A3C18223A2A1C00269325 /* Services */ = {
			isa = PBXGroup;
			children = (
				300A3C19223A2A2C00269325 /* ArchiveService.swift */,
			);
			path = Services;
			sourceTree = "<group>";
		};
		300A3C1B223A2B6000269325 /* Models */ = {
			isa = PBXGroup;
			children = (
				300A3C1C223A2B6A00269325 /* Archive.swift */,
			);
			path = Models;
			sourceTree = "<group>";
		};
/* End PBXGroup section */

/* Begin PBXNativeTarget section */
		300A3C02223A291700269325 /* TestArchive */ = {
			isa = PBXNativeTarget;
			buildConfigurationList = 300A3C15223A291B00269325 /* Build configuration list for PBXNativeTarget "TestArchive" */;
			buildPhases = (
				FB21446ABDF766B48C4401C7 /* [CP] Check Pods Manifest.lock */,
				300A3BFF223A291700269325 /* Sources */,
				300A3C00223A291700269325 /* Frameworks */,
				300A3C01223A291700269325 /* Resources */,
				6B68D3E075C44468E6C787F7 /* [CP] Embed Pods Frameworks */,
			);
			buildRules = (
			);
			dependencies = (
			);
			name = TestArchive;
			productName = TestArchive;
			productReference = 300A3C03223A291700269325 /* TestArchive.app */;
			productType = "com.apple.product-type.application";
		};
/* End PBXNativeTarget section */

/* Begin PBXProject section */
		300A3BFB223A291700269325 /* Project object */ = {
			isa = PBXProject;
			attributes = {
				LastSwiftUpdateCheck = 1010;
				LastUpgradeCheck = 1010;
				ORGANIZATIONNAME = "Jura Moshkov";
				TargetAttributes = {
					300A3C02223A291700269325 = {
						CreatedOnToolsVersion = 10.1;
					};
				};
			};
			buildConfigurationList = 300A3BFE223A291700269325 /* Build configuration list for PBXProject "TestArchive" */;
			compatibilityVersion = "Xcode 9.3";
			developmentRegion = en;
			hasScannedForEncodings = 0;
			knownRegions = (
				en,
				Base,
			);
			mainGroup = 300A3BFA223A291700269325;
			productRefGroup = 300A3C04223A291700269325 /* Products */;
			projectDirPath = "";
			projectRoot = "";
			targets = (
				300A3C02223A291700269325 /* TestArchive */,
			);
		};
/* End PBXProject section */

/* Begin PBXResourcesBuildPhase section */
		300A3C01223A291700269325 /* Resources */ = {
			isa = PBXResourcesBuildPhase;
			buildActionMask = 2147483647;
			files = (
				300A3C11223A291B00269325 /* LaunchScreen.storyboard in Resources */,
				300A3C0E223A291B00269325 /* Assets.xcassets in Resources */,
				300A3C0C223A291700269325 /* Main.storyboard in Resources */,
			);
			runOnlyForDeploymentPostprocessing = 0;
		};
/* End PBXResourcesBuildPhase section */

/* Begin PBXShellScriptBuildPhase section */
		6B68D3E075C44468E6C787F7 /* [CP] Embed Pods Frameworks */ = {
			isa = PBXShellScriptBuildPhase;
			buildActionMask = 2147483647;
			files = (
			);
			inputPaths = (
				"${SRCROOT}/Pods/Target Support Files/Pods-TestArchive/Pods-TestArchive-frameworks.sh",
				"${BUILT_PRODUCTS_DIR}/Alamofire/Alamofire.framework",
				"${BUILT_PRODUCTS_DIR}/ObjectMapper/ObjectMapper.framework",
				"${BUILT_PRODUCTS_DIR}/PKHUD/PKHUD.framework",
			);
			name = "[CP] Embed Pods Frameworks";
			outputPaths = (
				"${TARGET_BUILD_DIR}/${FRAMEWORKS_FOLDER_PATH}/Alamofire.framework",
				"${TARGET_BUILD_DIR}/${FRAMEWORKS_FOLDER_PATH}/ObjectMapper.framework",
				"${TARGET_BUILD_DIR}/${FRAMEWORKS_FOLDER_PATH}/PKHUD.framework",
			);
			runOnlyForDeploymentPostprocessing = 0;
			shellPath = /bin/sh;
			shellScript = "\"${SRCROOT}/Pods/Target Support Files/Pods-TestArchive/Pods-TestArchive-frameworks.sh\"\n";
			showEnvVarsInLog = 0;
		};
		FB21446ABDF766B48C4401C7 /* [CP] Check Pods Manifest.lock */ = {
			isa = PBXShellScriptBuildPhase;
			buildActionMask = 2147483647;
			files = (
			);
			inputPaths = (
				"${PODS_PODFILE_DIR_PATH}/Podfile.lock",
				"${PODS_ROOT}/Manifest.lock",
			);
			name = "[CP] Check Pods Manifest.lock";
			outputPaths = (
				"$(DERIVED_FILE_DIR)/Pods-TestArchive-checkManifestLockResult.txt",
			);
			runOnlyForDeploymentPostprocessing = 0;
			shellPath = /bin/sh;
			shellScript = "diff \"${PODS_PODFILE_DIR_PATH}/Podfile.lock\" \"${PODS_ROOT}/Manifest.lock\" > /dev/null\nif [ $? != 0 ] ; then\n    # print error to STDERR\n    echo \"error: The sandbox is not in sync with the Podfile.lock. Run 'pod install' or update your CocoaPods installation.\" >&2\n    exit 1\nfi\n# This output is used by Xcode 'outputs' to avoid re-running this script phase.\necho \"SUCCESS\" > \"${SCRIPT_OUTPUT_FILE_0}\"\n";
			showEnvVarsInLog = 0;
		};
/* End PBXShellScriptBuildPhase section */

/* Begin PBXSourcesBuildPhase section */
		300A3BFF223A291700269325 /* Sources */ = {
			isa = PBXSourcesBuildPhase;
			buildActionMask = 2147483647;
			files = (
				300A3C1A223A2A2C00269325 /* ArchiveService.swift in Sources */,
				300A3C09223A291700269325 /* ViewController.swift in Sources */,
				300A3C1D223A2B6A00269325 /* Archive.swift in Sources */,
				300A3C07223A291700269325 /* AppDelegate.swift in Sources */,
			);
			runOnlyForDeploymentPostprocessing = 0;
		};
/* End PBXSourcesBuildPhase section */

/* Begin PBXVariantGroup section */
		300A3C0A223A291700269325 /* Main.storyboard */ = {
			isa = PBXVariantGroup;
			children = (
				300A3C0B223A291700269325 /* Base */,
			);
			name = Main.storyboard;
			sourceTree = "<group>";
		};
		300A3C0F223A291B00269325 /* LaunchScreen.storyboard */ = {
			isa = PBXVariantGroup;
			children = (
				300A3C10223A291B00269325 /* Base */,
			);
			name = LaunchScreen.storyboard;
			sourceTree = "<group>";
		};
/* End PBXVariantGroup section */

/* Begin XCBuildConfiguration section */
		300A3C13223A291B00269325 /* Debug */ = {
			isa = XCBuildConfiguration;
			buildSettings = {
				ALWAYS_SEARCH_USER_PATHS = NO;
				CLANG_ANALYZER_NONNULL = YES;
				CLANG_ANALYZER_NUMBER_OBJECT_CONVERSION = YES_AGGRESSIVE;
				CLANG_CXX_LANGUAGE_STANDARD = "gnu++14";
				CLANG_CXX_LIBRARY = "libc++";
				CLANG_ENABLE_MODULES = YES;
				CLANG_ENABLE_OBJC_ARC = YES;
				CLANG_ENABLE_OBJC_WEAK = YES;
				CLANG_WARN_BLOCK_CAPTURE_AUTORELEASING = YES;
				CLANG_WARN_BOOL_CONVERSION = YES;
				CLANG_WARN_COMMA = YES;
				CLANG_WARN_CONSTANT_CONVERSION = YES;
				CLANG_WARN_DEPRECATED_OBJC_IMPLEMENTATIONS = YES;
				CLANG_WARN_DIRECT_OBJC_ISA_USAGE = YES_ERROR;
				CLANG_WARN_DOCUMENTATION_COMMENTS = YES;
				CLANG_WARN_EMPTY_BODY = YES;
				CLANG_WARN_ENUM_CONVERSION = YES;
				CLANG_WARN_INFINITE_RECURSION = YES;
				CLANG_WARN_INT_CONVERSION = YES;
				CLANG_WARN_NON_LITERAL_NULL_CONVERSION = YES;
				CLANG_WARN_OBJC_IMPLICIT_RETAIN_SELF = YES;
				CLANG_WARN_OBJC_LITERAL_CONVERSION = YES;
				CLANG_WARN_OBJC_ROOT_CLASS = YES_ERROR;
				CLANG_WARN_RANGE_LOOP_ANALYSIS = YES;
				CLANG_WARN_STRICT_PROTOTYPES = YES;
				CLANG_WARN_SUSPICIOUS_MOVE = YES;
				CLANG_WARN_UNGUARDED_AVAILABILITY = YES_AGGRESSIVE;
				CLANG_WARN_UNREACHABLE_CODE = YES;
				CLANG_WARN__DUPLICATE_METHOD_MATCH = YES;
				CODE_SIGN_IDENTITY = "iPhone Developer";
				COPY_PHASE_STRIP = NO;
				DEBUG_INFORMATION_FORMAT = dwarf;
				ENABLE_STRICT_OBJC_MSGSEND = YES;
				ENABLE_TESTABILITY = YES;
				GCC_C_LANGUAGE_STANDARD = gnu11;
				GCC_DYNAMIC_NO_PIC = NO;
				GCC_NO_COMMON_BLOCKS = YES;
				GCC_OPTIMIZATION_LEVEL = 0;
				GCC_PREPROCESSOR_DEFINITIONS = (
					"DEBUG=1",
					"$(inherited)",
				);
				GCC_WARN_64_TO_32_BIT_CONVERSION = YES;
				GCC_WARN_ABOUT_RETURN_TYPE = YES_ERROR;
				GCC_WARN_UNDECLARED_SELECTOR = YES;
				GCC_WARN_UNINITIALIZED_AUTOS = YES_AGGRESSIVE;
				GCC_WARN_UNUSED_FUNCTION = YES;
				GCC_WARN_UNUSED_VARIABLE = YES;
				IPHONEOS_DEPLOYMENT_TARGET = 12.1;
				MTL_ENABLE_DEBUG_INFO = INCLUDE_SOURCE;
				MTL_FAST_MATH = YES;
				ONLY_ACTIVE_ARCH = YES;
				SDKROOT = iphoneos;
				SWIFT_ACTIVE_COMPILATION_CONDITIONS = DEBUG;
				SWIFT_OPTIMIZATION_LEVEL = "-Onone";
			};
			name = Debug;
		};
		300A3C14223A291B00269325 /* Release */ = {
			isa = XCBuildConfiguration;
			buildSettings = {
				ALWAYS_SEARCH_USER_PATHS = NO;
				CLANG_ANALYZER_NONNULL = YES;
				CLANG_ANALYZER_NUMBER_OBJECT_CONVERSION = YES_AGGRESSIVE;
				CLANG_CXX_LANGUAGE_STANDARD = "gnu++14";
				CLANG_CXX_LIBRARY = "libc++";
				CLANG_ENABLE_MODULES = YES;
				CLANG_ENABLE_OBJC_ARC = YES;
				CLANG_ENABLE_OBJC_WEAK = YES;
				CLANG_WARN_BLOCK_CAPTURE_AUTORELEASING = YES;
				CLANG_WARN_BOOL_CONVERSION = YES;
				CLANG_WARN_COMMA = YES;
				CLANG_WARN_CONSTANT_CONVERSION = YES;
				CLANG_WARN_DEPRECATED_OBJC_IMPLEMENTATIONS = YES;
				CLANG_WARN_DIRECT_OBJC_ISA_USAGE = YES_ERROR;
				CLANG_WARN_DOCUMENTATION_COMMENTS = YES;
				CLANG_WARN_EMPTY_BODY = YES;
				CLANG_WARN_ENUM_CONVERSION = YES;
				CLANG_WARN_INFINITE_RECURSION = YES;
				CLANG_WARN_INT_CONVERSION = YES;
				CLANG_WARN_NON_LITERAL_NULL_CONVERSION = YES;
				CLANG_WARN_OBJC_IMPLICIT_RETAIN_SELF = YES;
				CLANG_WARN_OBJC_LITERAL_CONVERSION = YES;
				CLANG_WARN_OBJC_ROOT_CLASS = YES_ERROR;
				CLANG_WARN_RANGE_LOOP_ANALYSIS = YES;
				CLANG_WARN_STRICT_PROTOTYPES = YES;
				CLANG_WARN_SUSPICIOUS_MOVE = YES;
				CLANG_WARN_UNGUARDED_AVAILABILITY = YES_AGGRESSIVE;
				CLANG_WARN_UNREACHABLE_CODE = YES;
				CLANG_WARN__DUPLICATE_METHOD_MATCH = YES;
				CODE_SIGN_IDENTITY = "iPhone Developer";
				COPY_PHASE_STRIP = NO;
				DEBUG_INFORMATION_FORMAT = "dwarf-with-dsym";
				ENABLE_NS_ASSERTIONS = NO;
				ENABLE_STRICT_OBJC_MSGSEND = YES;
				GCC_C_LANGUAGE_STANDARD = gnu11;
				GCC_NO_COMMON_BLOCKS = YES;
				GCC_WARN_64_TO_32_BIT_CONVERSION = YES;
				GCC_WARN_ABOUT_RETURN_TYPE = YES_ERROR;
				GCC_WARN_UNDECLARED_SELECTOR = YES;
				GCC_WARN_UNINITIALIZED_AUTOS = YES_AGGRESSIVE;
				GCC_WARN_UNUSED_FUNCTION = YES;
				GCC_WARN_UNUSED_VARIABLE = YES;
				IPHONEOS_DEPLOYMENT_TARGET = 12.1;
				MTL_ENABLE_DEBUG_INFO = NO;
				MTL_FAST_MATH = YES;
				SDKROOT = iphoneos;
				SWIFT_COMPILATION_MODE = wholemodule;
				SWIFT_OPTIMIZATION_LEVEL = "-O";
				VALIDATE_PRODUCT = YES;
			};
			name = Release;
		};
		300A3C16223A291B00269325 /* Debug */ = {
			isa = XCBuildConfiguration;
			baseConfigurationReference = 93AA306DF01EDF2AA1CDFBDC /* Pods-TestArchive.debug.xcconfig */;
			buildSettings = {
				ASSETCATALOG_COMPILER_APPICON_NAME = AppIcon;
				CODE_SIGN_STYLE = Automatic;
				DEVELOPMENT_TEAM = DRUDQFX3X3;
				INFOPLIST_FILE = TestArchive/Info.plist;
				LD_RUNPATH_SEARCH_PATHS = (
					"$(inherited)",
					"@executable_path/Frameworks",
				);
				PRODUCT_BUNDLE_IDENTIFIER = com.moshkovbro.TestArchive;
				PRODUCT_NAME = "$(TARGET_NAME)";
				SWIFT_VERSION = 4.2;
				TARGETED_DEVICE_FAMILY = "1,2";
			};
			name = Debug;
		};
		300A3C17223A291B00269325 /* Release */ = {
			isa = XCBuildConfiguration;
			baseConfigurationReference = F8E0BECF3D75FEEFAAF50BB7 /* Pods-TestArchive.release.xcconfig */;
			buildSettings = {
				ASSETCATALOG_COMPILER_APPICON_NAME = AppIcon;
				CODE_SIGN_STYLE = Automatic;
				DEVELOPMENT_TEAM = DRUDQFX3X3;
				INFOPLIST_FILE = TestArchive/Info.plist;
				LD_RUNPATH_SEARCH_PATHS = (
					"$(inherited)",
					"@executable_path/Frameworks",
				);
				PRODUCT_BUNDLE_IDENTIFIER = com.moshkovbro.TestArchive;
				PRODUCT_NAME = "$(TARGET_NAME)";
				SWIFT_VERSION = 4.2;
				TARGETED_DEVICE_FAMILY = "1,2";
			};
			name = Release;
		};
/* End XCBuildConfiguration section */

/* Begin XCConfigurationList section */
		300A3BFE223A291700269325 /* Build configuration list for PBXProject "TestArchive" */ = {
			isa = XCConfigurationList;
			buildConfigurations = (
				300A3C13223A291B00269325 /* Debug */,
				300A3C14223A291B00269325 /* Release */,
			);
			defaultConfigurationIsVisible = 0;
			defaultConfigurationName = Release;
		};
		300A3C15223A291B00269325 /* Build configuration list for PBXNativeTarget "TestArchive" */ = {
			isa = XCConfigurationList;
			buildConfigurations = (
				300A3C16223A291B00269325 /* Debug */,
				300A3C17223A291B00269325 /* Release */,
			);
			defaultConfigurationIsVisible = 0;
			defaultConfigurationName = Release;
		};
/* End XCConfigurationList section */
	};
	rootObject = 300A3BFB223A291700269325 /* Project object */;
}
